# THIS IS AN AUTOGENERATED FILE. DO NOT EDIT THIS FILE DIRECTLY.
# yarn lockfile v1


argsarray@0.0.1:
  version "0.0.1"
  resolved "https://registry.yarnpkg.com/argsarray/-/argsarray-0.0.1.tgz#6e7207b4ecdb39b0af88303fa5ae22bda8df61cb"

buffer-from@1.1.0:
  version "1.1.0"
  resolved "https://registry.yarnpkg.com/buffer-from/-/buffer-from-1.1.0.tgz#87fcaa3a298358e0ade6e442cfce840740d1ad04"

clone-buffer@1.0.0:
  version "1.0.0"
  resolved "https://registry.yarnpkg.com/clone-buffer/-/clone-buffer-1.0.0.tgz#e3e25b207ac4e701af721e2cb5a16792cac3dc58"

es6-denodeify@^0.1.1:
  version "0.1.5"
  resolved "https://registry.yarnpkg.com/es6-denodeify/-/es6-denodeify-0.1.5.tgz#31d4d5fe9c5503e125460439310e16a2a3f39c1f"

fetch-cookie@0.7.0:
  version "0.7.0"
  resolved "https://registry.yarnpkg.com/fetch-cookie/-/fetch-cookie-0.7.0.tgz#a6fc137ad8363aa89125864c6451b86ecb7de802"
  dependencies:
    es6-denodeify "^0.1.1"
    tough-cookie "^2.3.1"

immediate@3.0.6:
  version "3.0.6"
  resolved "https://registry.yarnpkg.com/immediate/-/immediate-3.0.6.tgz#9db1dbd0faf8de6fbe0f5dd5e56bb606280de69b"

inherits@2.0.3:
  version "2.0.3"
  resolved "https://registry.yarnpkg.com/inherits/-/inherits-2.0.3.tgz#633c2c83e3da42a502f52466022480f4208261de"

node-fetch@^2.0.0:
  version "2.6.7"
  resolved "https://registry.yarnpkg.com/node-fetch/-/node-fetch-2.6.7.tgz#24de9fba827e3b4ae44dc8b20256a379160052ad"
  dependencies:
    whatwg-url "^5.0.0"

pouchdb-abstract-mapreduce@7.0.0:
  version "7.0.0"
  resolved "https://registry.yarnpkg.com/pouchdb-abstract-mapreduce/-/pouchdb-abstract-mapreduce-7.0.0.tgz#946d79073c9795ca03c9b5c318a64372422e8740"
  dependencies:
    pouchdb-binary-utils "7.0.0"
    pouchdb-collate "7.0.0"
    pouchdb-collections "7.0.0"
    pouchdb-errors "7.0.0"
    pouchdb-fetch "7.0.0"
    pouchdb-mapreduce-utils "7.0.0"
    pouchdb-md5 "7.0.0"
    pouchdb-utils "7.0.0"

pouchdb-binary-utils@7.0.0:
  version "7.0.0"
  resolved "https://registry.yarnpkg.com/pouchdb-binary-utils/-/pouchdb-binary-utils-7.0.0.tgz#cb71a288b09572a231f6bab1b4aed201c4d219a7"
  dependencies:
    buffer-from "1.1.0"

pouchdb-browser@^7.0.0:
  version "7.0.0"
  resolved "https://registry.yarnpkg.com/pouchdb-browser/-/pouchdb-browser-7.0.0.tgz#d493fd738f21f7c91f17bbb7ee7ad97c2072e546"
  dependencies:
    argsarray "0.0.1"
    immediate "3.0.6"
    inherits "2.0.3"
    spark-md5 "3.0.0"
    uuid "3.2.1"
    vuvuzela "1.0.3"

pouchdb-collate@7.0.0:
  version "7.0.0"
  resolved "https://registry.yarnpkg.com/pouchdb-collate/-/pouchdb-collate-7.0.0.tgz#4f9a0a03c236f1677a971c400b79b7baf6379a4d"

pouchdb-collections@7.0.0:
  version "7.0.0"
  resolved "https://registry.yarnpkg.com/pouchdb-collections/-/pouchdb-collections-7.0.0.tgz#fd1f632337dc6301b0ff8649732ca79204e41780"

pouchdb-errors@7.0.0:
  version "7.0.0"
  resolved "https://registry.yarnpkg.com/pouchdb-errors/-/pouchdb-errors-7.0.0.tgz#4e2a5a8b82af20cbe5f9970ca90b7ec74563caa0"
  dependencies:
    inherits "2.0.3"

pouchdb-fetch@7.0.0:
  version "7.0.0"
  resolved "https://registry.yarnpkg.com/pouchdb-fetch/-/pouchdb-fetch-7.0.0.tgz#6b56cc49863837f8d5e38b0956ace03f1fcaf8e0"
  dependencies:
    fetch-cookie "0.7.0"
    node-fetch "^2.0.0"

pouchdb-find@^7.0.0:
  version "7.0.0"
  resolved "https://registry.yarnpkg.com/pouchdb-find/-/pouchdb-find-7.0.0.tgz#f390c3f7a9455e700eb178eb89b235aaf7dc3beb"
  dependencies:
    pouchdb-abstract-mapreduce "7.0.0"
    pouchdb-collate "7.0.0"
    pouchdb-errors "7.0.0"
    pouchdb-fetch "7.0.0"
    pouchdb-md5 "7.0.0"
    pouchdb-selector-core "7.0.0"
    pouchdb-utils "7.0.0"

pouchdb-mapreduce-utils@7.0.0:
  version "7.0.0"
  resolved "https://registry.yarnpkg.com/pouchdb-mapreduce-utils/-/pouchdb-mapreduce-utils-7.0.0.tgz#ff342e9d515d4c9cf0b19ad85c78f10f2568493b"
  dependencies:
    argsarray "0.0.1"
    inherits "2.0.3"
    pouchdb-collections "7.0.0"
    pouchdb-utils "7.0.0"

pouchdb-md5@7.0.0:
  version "7.0.0"
  resolved "https://registry.yarnpkg.com/pouchdb-md5/-/pouchdb-md5-7.0.0.tgz#935dc6bb507a5f3978fb653ca5790331bae67c96"
  dependencies:
    pouchdb-binary-utils "7.0.0"
    spark-md5 "3.0.0"

pouchdb-selector-core@7.0.0:
  version "7.0.0"
  resolved "https://registry.yarnpkg.com/pouchdb-selector-core/-/pouchdb-selector-core-7.0.0.tgz#824bd0980bd9778b3ddef869306a6cdb928df703"
  dependencies:
    pouchdb-collate "7.0.0"
    pouchdb-utils "7.0.0"

pouchdb-utils@7.0.0:
  version "7.0.0"
  resolved "https://registry.yarnpkg.com/pouchdb-utils/-/pouchdb-utils-7.0.0.tgz#48bfced6665b8f5a2b2d2317e2aa57635ed1e88e"
  dependencies:
    argsarray "0.0.1"
    clone-buffer "1.0.0"
    immediate "3.0.6"
    inherits "2.0.3"
    pouchdb-collections "7.0.0"
    pouchdb-errors "7.0.0"
    pouchdb-md5 "7.0.0"
    uuid "3.2.1"

psl@^1.1.28:
  version "1.1.31"
  resolved "https://registry.yarnpkg.com/psl/-/psl-1.1.31.tgz#e9aa86d0101b5b105cbe93ac6b784cd547276184"

punycode@^2.1.1:
  version "2.1.1"
  resolved "https://registry.yarnpkg.com/punycode/-/punycode-2.1.1.tgz#b58b010ac40c22c5657616c8d2c2c02c7bf479ec"

spark-md5@3.0.0:
  version "3.0.0"
  resolved "https://registry.yarnpkg.com/spark-md5/-/spark-md5-3.0.0.tgz#3722227c54e2faf24b1dc6d933cc144e6f71bfef"

tough-cookie@^2.3.1:
  version "2.5.0"
  resolved "https://registry.yarnpkg.com/tough-cookie/-/tough-cookie-2.5.0.tgz#cd9fb2a0aa1d5a12b473bd9fb96fa3dcff65ade2"
  dependencies:
    psl "^1.1.28"
    punycode "^2.1.1"

tr46@~0.0.3:
  version "0.0.3"
  resolved "https://registry.yarnpkg.com/tr46/-/tr46-0.0.3.tgz#8184fd347dac9cdc185992f3a6622e14b9d9ab6a"

uuid@3.2.1:
  version "3.2.1"
  resolved "https://registry.yarnpkg.com/uuid/-/uuid-3.2.1.tgz#12c528bb9d58d0b9265d9a2f6f0fe8be17ff1f14"

vuvuzela@1.0.3:
  version "1.0.3"
  resolved "https://registry.yarnpkg.com/vuvuzela/-/vuvuzela-1.0.3.tgz#3be145e58271c73ca55279dd851f12a682114b0b"

webidl-conversions@^3.0.0:
  version "3.0.1"
  resolved "https://registry.yarnpkg.com/webidl-conversions/-/webidl-conversions-3.0.1.tgz#24534275e2a7bc6be7bc86611cc16ae0a5654871"

whatwg-url@^5.0.0:
  version "5.0.0"
  resolved "https://registry.yarnpkg.com/whatwg-url/-/whatwg-url-5.0.0.tgz#966454e8765462e37644d3626f6742ce8b70965d"
  dependencies:
    tr46 "~0.0.3"
    webidl-conversions "^3.0.0"
